
Microsoft Visual Studio Solution File, Format Version 12.00
# Visual Studio 15
VisualStudioVersion = 15.0.27703.2042
MinimumVisualStudioVersion = 10.0.40219.1
Project("{FAE04EC0-301F-11D3-BF4B-00C04F79EFBC}") = "UwpGetImage", "UwpGetImage\UwpGetImage.csproj", "{B1A304A7-0B0E-41DD-A588-968067C52520}"
EndProject
Project("{FAE04EC0-301F-11D3-BF4B-00C04F79EFBC}") = "UwpClearShotCamera", "UwpClearShotCamera\UwpClearShotCamera.csproj", "{162FDAC3-6821-435A-9460-295F65B6F7ED}"
EndProject
Project("{FAE04EC0-301F-11D3-BF4B-00C04F79EFBC}") = "PngCs", "PngCs\PngCs.csproj", "{2A3CB429-8E85-4D12-801A-C1F6A2BBD87B}"
EndProject
Project("{FAE04EC0-301F-11D3-BF4B-00C04F79EFBC}") = "CamerasCommon", "CamerasCommon\CamerasCommon.csproj", "{DC4EE928-51CC-4EB9-B6B4-5FF3E200EF6E}"
EndProject
Project("{FAE04EC0-301F-11D3-BF4B-00C04F79EFBC}") = "ClearShotWinUsbServiceWpf", "ClearShotWinUsbServiceWpf\ClearShotWinUsbServiceWpf.csproj", "{5FCCA18A-94FB-4FA9-ABAB-A1C833D15303}"
EndProject
Project("{FAE04EC0-301F-11D3-BF4B-00C04F79EFBC}") = "ClearShotWinUsb", "ClearShotWinUsb\ClearShotWinUsb.csproj", "{B75D2EE9-0F9E-4BC1-BC4F-64339315925C}"
EndProject
Project("{FAE04EC0-301F-11D3-BF4B-00C04F79EFBC}") = "ImageFileSource", "ImageFileSource\ImageFileSource.csproj", "{6D876FD3-080D-42A9-ACB1-E84A46C15858}"
EndProject
Project("{FAE04EC0-301F-11D3-BF4B-00C04F79EFBC}") = "ImageFileSourceDeviceWpf", "ImageFileSourceDeviceWpf\ImageFileSourceDeviceWpf.csproj", "{01B41DB8-5FAF-4870-9D23-84981BE2AA98}"
EndProject
Global
	GlobalSection(SolutionConfigurationPlatforms) = preSolution
		Debug|Any CPU = Debug|Any CPU
		Debug|ARM = Debug|ARM
		Debug|x64 = Debug|x64
		Debug|x86 = Debug|x86
		Release|Any CPU = Release|Any CPU
		Release|ARM = Release|ARM
		Release|x64 = Release|x64
		Release|x86 = Release|x86
	EndGlobalSection
	GlobalSection(ProjectConfigurationPlatforms) = postSolution
		{B1A304A7-0B0E-41DD-A588-968067C52520}.Debug|Any CPU.ActiveCfg = Debug|x86
		{B1A304A7-0B0E-41DD-A588-968067C52520}.Debug|Any CPU.Build.0 = Debug|x86
		{B1A304A7-0B0E-41DD-A588-968067C52520}.Debug|Any CPU.Deploy.0 = Debug|x86
		{B1A304A7-0B0E-41DD-A588-968067C52520}.Debug|ARM.ActiveCfg = Debug|ARM
		{B1A304A7-0B0E-41DD-A588-968067C52520}.Debug|ARM.Build.0 = Debug|ARM
		{B1A304A7-0B0E-41DD-A588-968067C52520}.Debug|ARM.Deploy.0 = Debug|ARM
		{B1A304A7-0B0E-41DD-A588-968067C52520}.Debug|x64.ActiveCfg = Debug|x64
		{B1A304A7-0B0E-41DD-A588-968067C52520}.Debug|x64.Build.0 = Debug|x64
		{B1A304A7-0B0E-41DD-A588-968067C52520}.Debug|x64.Deploy.0 = Debug|x64
		{B1A304A7-0B0E-41DD-A588-968067C52520}.Debug|x86.ActiveCfg = Debug|x86
		{B1A304A7-0B0E-41DD-A588-968067C52520}.Debug|x86.Build.0 = Debug|x86
		{B1A304A7-0B0E-41DD-A588-968067C52520}.Debug|x86.Deploy.0 = Debug|x86
		{B1A304A7-0B0E-41DD-A588-968067C52520}.Release|Any CPU.ActiveCfg = Release|x86
		{B1A304A7-0B0E-41DD-A588-968067C52520}.Release|Any CPU.Build.0 = Release|x86
		{B1A304A7-0B0E-41DD-A588-968067C52520}.Release|Any CPU.Deploy.0 = Release|x86
		{B1A304A7-0B0E-41DD-A588-968067C52520}.Release|ARM.ActiveCfg = Release|ARM
		{B1A304A7-0B0E-41DD-A588-968067C52520}.Release|ARM.Build.0 = Release|ARM
		{B1A304A7-0B0E-41DD-A588-968067C52520}.Release|ARM.Deploy.0 = Release|ARM
		{B1A304A7-0B0E-41DD-A588-968067C52520}.Release|x64.ActiveCfg = Release|x64
		{B1A304A7-0B0E-41DD-A588-968067C52520}.Release|x64.Build.0 = Release|x64
		{B1A304A7-0B0E-41DD-A588-968067C52520}.Release|x64.Deploy.0 = Release|x64
		{B1A304A7-0B0E-41DD-A588-968067C52520}.Release|x86.ActiveCfg = Release|x86
		{B1A304A7-0B0E-41DD-A588-968067C52520}.Release|x86.Build.0 = Release|x86
		{B1A304A7-0B0E-41DD-A588-968067C52520}.Release|x86.Deploy.0 = Release|x86
		{162FDAC3-6821-435A-9460-295F65B6F7ED}.Debug|Any CPU.ActiveCfg = Debug|Any CPU
		{162FDAC3-6821-435A-9460-295F65B6F7ED}.Debug|Any CPU.Build.0 = Debug|Any CPU
		{162FDAC3-6821-435A-9460-295F65B6F7ED}.Debug|ARM.ActiveCfg = Debug|ARM
		{162FDAC3-6821-435A-9460-295F65B6F7ED}.Debug|ARM.Build.0 = Debug|ARM
		{162FDAC3-6821-435A-9460-295F65B6F7ED}.Debug|x64.ActiveCfg = Debug|x64
		{162FDAC3-6821-435A-9460-295F65B6F7ED}.Debug|x64.Build.0 = Debug|x64
		{162FDAC3-6821-435A-9460-295F65B6F7ED}.Debug|x86.ActiveCfg = Debug|x86
		{162FDAC3-6821-435A-9460-295F65B6F7ED}.Debug|x86.Build.0 = Debug|x86
		{162FDAC3-6821-435A-9460-295F65B6F7ED}.Release|Any CPU.ActiveCfg = Release|Any CPU
		{162FDAC3-6821-435A-9460-295F65B6F7ED}.Release|Any CPU.Build.0 = Release|Any CPU
		{162FDAC3-6821-435A-9460-295F65B6F7ED}.Release|ARM.ActiveCfg = Release|ARM
		{162FDAC3-6821-435A-9460-295F65B6F7ED}.Release|ARM.Build.0 = Release|ARM
		{162FDAC3-6821-435A-9460-295F65B6F7ED}.Release|x64.ActiveCfg = Release|x64
		{162FDAC3-6821-435A-9460-295F65B6F7ED}.Release|x64.Build.0 = Release|x64
		{162FDAC3-6821-435A-9460-295F65B6F7ED}.Release|x86.ActiveCfg = Release|x86
		{162FDAC3-6821-435A-9460-295F65B6F7ED}.Release|x86.Build.0 = Release|x86
		{2A3CB429-8E85-4D12-801A-C1F6A2BBD87B}.Debug|Any CPU.ActiveCfg = Debug|Any CPU
		{2A3CB429-8E85-4D12-801A-C1F6A2BBD87B}.Debug|Any CPU.Build.0 = Debug|Any CPU
		{2A3CB429-8E85-4D12-801A-C1F6A2BBD87B}.Debug|ARM.ActiveCfg = Debug|ARM
		{2A3CB429-8E85-4D12-801A-C1F6A2BBD87B}.Debug|ARM.Build.0 = Debug|ARM
		{2A3CB429-8E85-4D12-801A-C1F6A2BBD87B}.Debug|x64.ActiveCfg = Debug|x64
		{2A3CB429-8E85-4D12-801A-C1F6A2BBD87B}.Debug|x64.Build.0 = Debug|x64
		{2A3CB429-8E85-4D12-801A-C1F6A2BBD87B}.Debug|x86.ActiveCfg = Debug|x86
		{2A3CB429-8E85-4D12-801A-C1F6A2BBD87B}.Debug|x86.Build.0 = Debug|x86
		{2A3CB429-8E85-4D12-801A-C1F6A2BBD87B}.Release|Any CPU.ActiveCfg = Release|Any CPU
		{2A3CB429-8E85-4D12-801A-C1F6A2BBD87B}.Release|Any CPU.Build.0 = Release|Any CPU
		{2A3CB429-8E85-4D12-801A-C1F6A2BBD87B}.Release|ARM.ActiveCfg = Release|ARM
		{2A3CB429-8E85-4D12-801A-C1F6A2BBD87B}.Release|ARM.Build.0 = Release|ARM
		{2A3CB429-8E85-4D12-801A-C1F6A2BBD87B}.Release|x64.ActiveCfg = Release|x64
		{2A3CB429-8E85-4D12-801A-C1F6A2BBD87B}.Release|x64.Build.0 = Release|x64
		{2A3CB429-8E85-4D12-801A-C1F6A2BBD87B}.Release|x86.ActiveCfg = Release|x86
		{2A3CB429-8E85-4D12-801A-C1F6A2BBD87B}.Release|x86.Build.0 = Release|x86
		{DC4EE928-51CC-4EB9-B6B4-5FF3E200EF6E}.Debug|Any CPU.ActiveCfg = Debug|Any CPU
		{DC4EE928-51CC-4EB9-B6B4-5FF3E200EF6E}.Debug|Any CPU.Build.0 = Debug|Any CPU
		{DC4EE928-51CC-4EB9-B6B4-5FF3E200EF6E}.Debug|ARM.ActiveCfg = Debug|Any CPU
		{DC4EE928-51CC-4EB9-B6B4-5FF3E200EF6E}.Debug|ARM.Build.0 = Debug|Any CPU
		{DC4EE928-51CC-4EB9-B6B4-5FF3E200EF6E}.Debug|x64.ActiveCfg = Debug|Any CPU
		{DC4EE928-51CC-4EB9-B6B4-5FF3E200EF6E}.Debug|x64.Build.0 = Debug|Any CPU
		{DC4EE928-51CC-4EB9-B6B4-5FF3E200EF6E}.Debug|x86.ActiveCfg = Debug|Any CPU
		{DC4EE928-51CC-4EB9-B6B4-5FF3E200EF6E}.Debug|x86.Build.0 = Debug|Any CPU
		{DC4EE928-51CC-4EB9-B6B4-5FF3E200EF6E}.Release|Any CPU.ActiveCfg = Release|Any CPU
		{DC4EE928-51CC-4EB9-B6B4-5FF3E200EF6E}.Release|Any CPU.Build.0 = Release|Any CPU
		{DC4EE928-51CC-4EB9-B6B4-5FF3E200EF6E}.Release|ARM.ActiveCfg = Release|Any CPU
		{DC4EE928-51CC-4EB9-B6B4-5FF3E200EF6E}.Release|ARM.Build.0 = Release|Any CPU
		{DC4EE928-51CC-4EB9-B6B4-5FF3E200EF6E}.Release|x64.ActiveCfg = Release|Any CPU
		{DC4EE928-51CC-4EB9-B6B4-5FF3E200EF6E}.Release|x64.Build.0 = Release|Any CPU
		{DC4EE928-51CC-4EB9-B6B4-5FF3E200EF6E}.Release|x86.ActiveCfg = Release|Any CPU
		{DC4EE928-51CC-4EB9-B6B4-5FF3E200EF6E}.Release|x86.Build.0 = Release|Any CPU
		{5FCCA18A-94FB-4FA9-ABAB-A1C833D15303}.Debug|Any CPU.ActiveCfg = Debug|Any CPU
		{5FCCA18A-94FB-4FA9-ABAB-A1C833D15303}.Debug|Any CPU.Build.0 = Debug|Any CPU
		{5FCCA18A-94FB-4FA9-ABAB-A1C833D15303}.Debug|ARM.ActiveCfg = Debug|Any CPU
		{5FCCA18A-94FB-4FA9-ABAB-A1C833D15303}.Debug|ARM.Build.0 = Debug|Any CPU
		{5FCCA18A-94FB-4FA9-ABAB-A1C833D15303}.Debug|x64.ActiveCfg = Debug|Any CPU
		{5FCCA18A-94FB-4FA9-ABAB-A1C833D15303}.Debug|x64.Build.0 = Debug|Any CPU
		{5FCCA18A-94FB-4FA9-ABAB-A1C833D15303}.Debug|x86.ActiveCfg = Debug|Any CPU
		{5FCCA18A-94FB-4FA9-ABAB-A1C833D15303}.Debug|x86.Build.0 = Debug|Any CPU
		{5FCCA18A-94FB-4FA9-ABAB-A1C833D15303}.Release|Any CPU.ActiveCfg = Release|Any CPU
		{5FCCA18A-94FB-4FA9-ABAB-A1C833D15303}.Release|Any CPU.Build.0 = Release|Any CPU
		{5FCCA18A-94FB-4FA9-ABAB-A1C833D15303}.Release|ARM.ActiveCfg = Release|Any CPU
		{5FCCA18A-94FB-4FA9-ABAB-A1C833D15303}.Release|ARM.Build.0 = Release|Any CPU
		{5FCCA18A-94FB-4FA9-ABAB-A1C833D15303}.Release|x64.ActiveCfg = Release|Any CPU
		{5FCCA18A-94FB-4FA9-ABAB-A1C833D15303}.Release|x64.Build.0 = Release|Any CPU
		{5FCCA18A-94FB-4FA9-ABAB-A1C833D15303}.Release|x86.ActiveCfg = Release|Any CPU
		{5FCCA18A-94FB-4FA9-ABAB-A1C833D15303}.Release|x86.Build.0 = Release|Any CPU
		{B75D2EE9-0F9E-4BC1-BC4F-64339315925C}.Debug|Any CPU.ActiveCfg = Debug|Any CPU
		{B75D2EE9-0F9E-4BC1-BC4F-64339315925C}.Debug|Any CPU.Build.0 = Debug|Any CPU
		{B75D2EE9-0F9E-4BC1-BC4F-64339315925C}.Debug|ARM.ActiveCfg = Debug|Any CPU
		{B75D2EE9-0F9E-4BC1-BC4F-64339315925C}.Debug|ARM.Build.0 = Debug|Any CPU
		{B75D2EE9-0F9E-4BC1-BC4F-64339315925C}.Debug|x64.ActiveCfg = Debug|Any CPU
		{B75D2EE9-0F9E-4BC1-BC4F-64339315925C}.Debug|x64.Build.0 = Debug|Any CPU
		{B75D2EE9-0F9E-4BC1-BC4F-64339315925C}.Debug|x86.ActiveCfg = Debug|Any CPU
		{B75D2EE9-0F9E-4BC1-BC4F-64339315925C}.Debug|x86.Build.0 = Debug|Any CPU
		{B75D2EE9-0F9E-4BC1-BC4F-64339315925C}.Release|Any CPU.ActiveCfg = Release|Any CPU
		{B75D2EE9-0F9E-4BC1-BC4F-64339315925C}.Release|Any CPU.Build.0 = Release|Any CPU
		{B75D2EE9-0F9E-4BC1-BC4F-64339315925C}.Release|ARM.ActiveCfg = Release|Any CPU
		{B75D2EE9-0F9E-4BC1-BC4F-64339315925C}.Release|ARM.Build.0 = Release|Any CPU
		{B75D2EE9-0F9E-4BC1-BC4F-64339315925C}.Release|x64.ActiveCfg = Release|Any CPU
		{B75D2EE9-0F9E-4BC1-BC4F-64339315925C}.Release|x64.Build.0 = Release|Any CPU
		{B75D2EE9-0F9E-4BC1-BC4F-64339315925C}.Release|x86.ActiveCfg = Release|Any CPU
		{B75D2EE9-0F9E-4BC1-BC4F-64339315925C}.Release|x86.Build.0 = Release|Any CPU
		{6D876FD3-080D-42A9-ACB1-E84A46C15858}.Debug|Any CPU.ActiveCfg = Debug|Any CPU
		{6D876FD3-080D-42A9-ACB1-E84A46C15858}.Debug|Any CPU.Build.0 = Debug|Any CPU
		{6D876FD3-080D-42A9-ACB1-E84A46C15858}.Debug|ARM.ActiveCfg = Debug|Any CPU
		{6D876FD3-080D-42A9-ACB1-E84A46C15858}.Debug|ARM.Build.0 = Debug|Any CPU
		{6D876FD3-080D-42A9-ACB1-E84A46C15858}.Debug|x64.ActiveCfg = Debug|Any CPU
		{6D876FD3-080D-42A9-ACB1-E84A46C15858}.Debug|x64.Build.0 = Debug|Any CPU
		{6D876FD3-080D-42A9-ACB1-E84A46C15858}.Debug|x86.ActiveCfg = Debug|Any CPU
		{6D876FD3-080D-42A9-ACB1-E84A46C15858}.Debug|x86.Build.0 = Debug|Any CPU
		{6D876FD3-080D-42A9-ACB1-E84A46C15858}.Release|Any CPU.ActiveCfg = Release|Any CPU
		{6D876FD3-080D-42A9-ACB1-E84A46C15858}.Release|Any CPU.Build.0 = Release|Any CPU
		{6D876FD3-080D-42A9-ACB1-E84A46C15858}.Release|ARM.ActiveCfg = Release|Any CPU
		{6D876FD3-080D-42A9-ACB1-E84A46C15858}.Release|ARM.Build.0 = Release|Any CPU
		{6D876FD3-080D-42A9-ACB1-E84A46C15858}.Release|x64.ActiveCfg = Release|Any CPU
		{6D876FD3-080D-42A9-ACB1-E84A46C15858}.Release|x64.Build.0 = Release|Any CPU
		{6D876FD3-080D-42A9-ACB1-E84A46C15858}.Release|x86.ActiveCfg = Release|Any CPU
		{6D876FD3-080D-42A9-ACB1-E84A46C15858}.Release|x86.Build.0 = Release|Any CPU
		{01B41DB8-5FAF-4870-9D23-84981BE2AA98}.Debug|Any CPU.ActiveCfg = Debug|Any CPU
		{01B41DB8-5FAF-4870-9D23-84981BE2AA98}.Debug|Any CPU.Build.0 = Debug|Any CPU
		{01B41DB8-5FAF-4870-9D23-84981BE2AA98}.Debug|ARM.ActiveCfg = Debug|Any CPU
		{01B41DB8-5FAF-4870-9D23-84981BE2AA98}.Debug|ARM.Build.0 = Debug|Any CPU
		{01B41DB8-5FAF-4870-9D23-84981BE2AA98}.Debug|x64.ActiveCfg = Debug|Any CPU
		{01B41DB8-5FAF-4870-9D23-84981BE2AA98}.Debug|x64.Build.0 = Debug|Any CPU
		{01B41DB8-5FAF-4870-9D23-84981BE2AA98}.Debug|x86.ActiveCfg = Debug|Any CPU
		{01B41DB8-5FAF-4870-9D23-84981BE2AA98}.Debug|x86.Build.0 = Debug|Any CPU
		{01B41DB8-5FAF-4870-9D23-84981BE2AA98}.Release|Any CPU.ActiveCfg = Release|Any CPU
		{01B41DB8-5FAF-4870-9D23-84981BE2AA98}.Release|Any CPU.Build.0 = Release|Any CPU
		{01B41DB8-5FAF-4870-9D23-84981BE2AA98}.Release|ARM.ActiveCfg = Release|Any CPU
		{01B41DB8-5FAF-4870-9D23-84981BE2AA98}.Release|ARM.Build.0 = Release|Any CPU
		{01B41DB8-5FAF-4870-9D23-84981BE2AA98}.Release|x64.ActiveCfg = Release|Any CPU
		{01B41DB8-5FAF-4870-9D23-84981BE2AA98}.Release|x64.Build.0 = Release|Any CPU
		{01B41DB8-5FAF-4870-9D23-84981BE2AA98}.Release|x86.ActiveCfg = Release|Any CPU
		{01B41DB8-5FAF-4870-9D23-84981BE2AA98}.Release|x86.Build.0 = Release|Any CPU
	EndGlobalSection
	GlobalSection(SolutionProperties) = preSolution
		HideSolutionNode = FALSE
	EndGlobalSection
	GlobalSection(ExtensibilityGlobals) = postSolution
		SolutionGuid = {2D90645D-27A8-4342-89F9-C7768E5C010B}
	EndGlobalSection
EndGlobal
